
Microsoft Visual Studio Solution File, Format Version 12.00
# Visual Studio Version 17
VisualStudioVersion = 17.3.32819.101
MinimumVisualStudioVersion = 10.0.40219.1
Project("{FAE04EC0-301F-11D3-BF4B-00C04F79EFBC}") = "Sprint0", "Sprint0\Sprint0.csproj", "{8204373C-4818-42B8-8B0A-DB9E825AC2F7}"
EndProject
Global
	GlobalSection(SolutionConfigurationPlatforms) = preSolution
		Debug|Any CPU = Debug|Any CPU
		Release|Any CPU = Release|Any CPU
	EndGlobalSection
	GlobalSection(ProjectConfigurationPlatforms) = postSolution
		{8204373C-4818-42B8-8B0A-DB9E825AC2F7}.Debug|Any CPU.ActiveCfg = Debug|Any CPU
		{8204373C-4818-42B8-8B0A-DB9E825AC2F7}.Debug|Any CPU.Build.0 = Debug|Any CPU
		{8204373C-4818-42B8-8B0A-DB9E825AC2F7}.Release|Any CPU.ActiveCfg = Release|Any CPU
		{8204373C-4818-42B8-8B0A-DB9E825AC2F7}.Release|Any CPU.Build.0 = Release|Any CPU
	EndGlobalSection
	GlobalSection(SolutionProperties) = preSolution
		HideSolutionNode = FALSE
	EndGlobalSection
	GlobalSection(ExtensibilityGlobals) = postSolution
		SolutionGuid = {D8D18F57-F8DE-429A-A54E-90A755671C32}
	EndGlobalSection
EndGlobal
