
Microsoft Visual Studio Solution File, Format Version 12.00
# Visual Studio Version 17
VisualStudioVersion = 17.4.33213.308
MinimumVisualStudioVersion = 10.0.40219.1
Project("{9A19103F-16F7-4668-BE54-9A1E7A4F7556}") = "Sprint0", "Sprint0.csproj", "{5C4E5007-7CD2-4687-82F3-072379C0558D}"
EndProject
Global
	GlobalSection(SolutionConfigurationPlatforms) = preSolution
		Debug|Any CPU = Debug|Any CPU
		Release|Any CPU = Release|Any CPU
	EndGlobalSection
	GlobalSection(ProjectConfigurationPlatforms) = postSolution
		{5C4E5007-7CD2-4687-82F3-072379C0558D}.Debug|Any CPU.ActiveCfg = Debug|Any CPU
		{5C4E5007-7CD2-4687-82F3-072379C0558D}.Debug|Any CPU.Build.0 = Debug|Any CPU
		{5C4E5007-7CD2-4687-82F3-072379C0558D}.Release|Any CPU.ActiveCfg = Release|Any CPU
		{5C4E5007-7CD2-4687-82F3-072379C0558D}.Release|Any CPU.Build.0 = Release|Any CPU
	EndGlobalSection
	GlobalSection(SolutionProperties) = preSolution
		HideSolutionNode = FALSE
	EndGlobalSection
	GlobalSection(ExtensibilityGlobals) = postSolution
		SolutionGuid = {C54DF513-9286-41F3-8A97-80B126AF9861}
	EndGlobalSection
EndGlobal
